
Microsoft Visual Studio Solution File, Format Version 12.00
# Visual Studio Version 16
VisualStudioVersion = 16.0.30611.23
MinimumVisualStudioVersion = 10.0.40219.1
Project("{9A19103F-16F7-4668-BE54-9A1E7A4F7556}") = "Snt22Progress.DataAccess", "Snt22Progress.DataAccess\Snt22Progress.DataAccess.csproj", "{5CC35EE5-4287-4E14-8613-E27EF47FEEF4}"
EndProject
Project("{9A19103F-16F7-4668-BE54-9A1E7A4F7556}") = "Snt22Progress.Tests", "Snt22Progress.Tests\Snt22Progress.Tests.csproj", "{E823B638-0435-496B-BE45-BA74499DF6E7}"
EndProject
Project("{9A19103F-16F7-4668-BE54-9A1E7A4F7556}") = "Snt22Progress.Contracts", "Snt22Progress.Contracts\Snt22Progress.Contracts.csproj", "{0A5F042E-A366-44ED-92CA-8DC3DA12DC29}"
EndProject
Project("{2150E333-8FDC-42A3-9474-1A3956D46DE8}") = "BusinessLogic", "BusinessLogic", "{7727E772-116D-4BDD-951F-237F3CE6038E}"
EndProject
Project("{9A19103F-16F7-4668-BE54-9A1E7A4F7556}") = "Snt22Progress.Logging", "Snt22Progress.Logging\Snt22Progress.Logging.csproj", "{42C9A81A-201D-4A23-A58D-522A2F3DC46C}"
EndProject
Project("{2150E333-8FDC-42A3-9474-1A3956D46DE8}") = "Utils", "Utils", "{0EE2D8C7-CC46-49DF-85DA-313483D3AAF8}"
EndProject
Project("{9A19103F-16F7-4668-BE54-9A1E7A4F7556}") = "Snt22Progress.BussinesLogic", "Snt22Progress.BussinesLogic\Snt22Progress.BussinesLogic.csproj", "{63C04D71-BC25-47A6-B814-ADD8A4E21330}"
EndProject
Project("{9A19103F-16F7-4668-BE54-9A1E7A4F7556}") = "Snt22Progress.Web.Api", "Snt22Progress.Web.Api\Snt22Progress.Web.Api.csproj", "{0F01CEAD-1DE9-47B6-9E4C-3C11E663520A}"
EndProject
Project("{FAE04EC0-301F-11D3-BF4B-00C04F79EFBC}") = "Snt22Progress.FileManager", "Snt22Progress.FileManager\Snt22Progress.FileManager.csproj", "{2EE6441F-FC98-4E70-822E-F75294563719}"
EndProject
Global
	GlobalSection(SolutionConfigurationPlatforms) = preSolution
		Debug|Any CPU = Debug|Any CPU
		Release|Any CPU = Release|Any CPU
	EndGlobalSection
	GlobalSection(ProjectConfigurationPlatforms) = postSolution
		{5CC35EE5-4287-4E14-8613-E27EF47FEEF4}.Debug|Any CPU.ActiveCfg = Debug|Any CPU
		{5CC35EE5-4287-4E14-8613-E27EF47FEEF4}.Debug|Any CPU.Build.0 = Debug|Any CPU
		{5CC35EE5-4287-4E14-8613-E27EF47FEEF4}.Release|Any CPU.ActiveCfg = Release|Any CPU
		{5CC35EE5-4287-4E14-8613-E27EF47FEEF4}.Release|Any CPU.Build.0 = Release|Any CPU
		{E823B638-0435-496B-BE45-BA74499DF6E7}.Debug|Any CPU.ActiveCfg = Debug|Any CPU
		{E823B638-0435-496B-BE45-BA74499DF6E7}.Debug|Any CPU.Build.0 = Debug|Any CPU
		{E823B638-0435-496B-BE45-BA74499DF6E7}.Release|Any CPU.ActiveCfg = Release|Any CPU
		{E823B638-0435-496B-BE45-BA74499DF6E7}.Release|Any CPU.Build.0 = Release|Any CPU
		{0A5F042E-A366-44ED-92CA-8DC3DA12DC29}.Debug|Any CPU.ActiveCfg = Debug|Any CPU
		{0A5F042E-A366-44ED-92CA-8DC3DA12DC29}.Debug|Any CPU.Build.0 = Debug|Any CPU
		{0A5F042E-A366-44ED-92CA-8DC3DA12DC29}.Release|Any CPU.ActiveCfg = Release|Any CPU
		{0A5F042E-A366-44ED-92CA-8DC3DA12DC29}.Release|Any CPU.Build.0 = Release|Any CPU
		{42C9A81A-201D-4A23-A58D-522A2F3DC46C}.Debug|Any CPU.ActiveCfg = Debug|Any CPU
		{42C9A81A-201D-4A23-A58D-522A2F3DC46C}.Debug|Any CPU.Build.0 = Debug|Any CPU
		{42C9A81A-201D-4A23-A58D-522A2F3DC46C}.Release|Any CPU.ActiveCfg = Release|Any CPU
		{42C9A81A-201D-4A23-A58D-522A2F3DC46C}.Release|Any CPU.Build.0 = Release|Any CPU
		{63C04D71-BC25-47A6-B814-ADD8A4E21330}.Debug|Any CPU.ActiveCfg = Debug|Any CPU
		{63C04D71-BC25-47A6-B814-ADD8A4E21330}.Debug|Any CPU.Build.0 = Debug|Any CPU
		{63C04D71-BC25-47A6-B814-ADD8A4E21330}.Release|Any CPU.ActiveCfg = Release|Any CPU
		{63C04D71-BC25-47A6-B814-ADD8A4E21330}.Release|Any CPU.Build.0 = Release|Any CPU
		{0F01CEAD-1DE9-47B6-9E4C-3C11E663520A}.Debug|Any CPU.ActiveCfg = Debug|Any CPU
		{0F01CEAD-1DE9-47B6-9E4C-3C11E663520A}.Debug|Any CPU.Build.0 = Debug|Any CPU
		{0F01CEAD-1DE9-47B6-9E4C-3C11E663520A}.Release|Any CPU.ActiveCfg = Release|Any CPU
		{0F01CEAD-1DE9-47B6-9E4C-3C11E663520A}.Release|Any CPU.Build.0 = Release|Any CPU
		{2EE6441F-FC98-4E70-822E-F75294563719}.Debug|Any CPU.ActiveCfg = Debug|Any CPU
		{2EE6441F-FC98-4E70-822E-F75294563719}.Debug|Any CPU.Build.0 = Debug|Any CPU
		{2EE6441F-FC98-4E70-822E-F75294563719}.Release|Any CPU.ActiveCfg = Release|Any CPU
		{2EE6441F-FC98-4E70-822E-F75294563719}.Release|Any CPU.Build.0 = Release|Any CPU
	EndGlobalSection
	GlobalSection(SolutionProperties) = preSolution
		HideSolutionNode = FALSE
	EndGlobalSection
	GlobalSection(NestedProjects) = preSolution
		{42C9A81A-201D-4A23-A58D-522A2F3DC46C} = {0EE2D8C7-CC46-49DF-85DA-313483D3AAF8}
		{63C04D71-BC25-47A6-B814-ADD8A4E21330} = {7727E772-116D-4BDD-951F-237F3CE6038E}
		{2EE6441F-FC98-4E70-822E-F75294563719} = {0EE2D8C7-CC46-49DF-85DA-313483D3AAF8}
	EndGlobalSection
	GlobalSection(ExtensibilityGlobals) = postSolution
		SolutionGuid = {6C42188A-1EC6-452E-9FBE-BDCEF793833B}
	EndGlobalSection
EndGlobal
